{
  "meteor": {},
  "dependencies": {
    "basePackages": {
      "dc.js-package": {},
      "npm": {}
    },
    "packages": {
      "dc.js-package": {
        "git": "https://github.com/Ore4444/dc.js-package.git",
        "tag": "v0.0.1",
        "commit": "7ca01b8d00ea929991fcb96c9a571f585df3be1e"
      },
      "npm": {
        "git": "https://github.com/arunoda/meteor-npm.git",
        "tag": "v0.2.6",
        "commit": "177ab6118de5bf8cffb19481343d5762ff7a2aaf"
      },
      "Crossfilter": {
        "git": "https://github.com/Ore4444/crossfilter-package.git",
        "tag": "v0.0.1",
        "commit": "0984f6635387eaa3292c6c4ddcfcbda3bf72e9d2"
      }
    }
  }
}
